
Microsoft Visual Studio Solution File, Format Version 12.00
# Visual Studio Version 17
VisualStudioVersion = 17.7.34031.279
MinimumVisualStudioVersion = 10.0.40219.1
Project("{FAE04EC0-301F-11D3-BF4B-00C04F79EFBC}") = "Memo", "Memo\Memo.csproj", "{A11256AB-9621-4A2C-BFC5-B6567FC62292}"
EndProject
Global
	GlobalSection(SolutionConfigurationPlatforms) = preSolution
		Debug|Any CPU = Debug|Any CPU
		Release|Any CPU = Release|Any CPU
	EndGlobalSection
	GlobalSection(ProjectConfigurationPlatforms) = postSolution
		{A11256AB-9621-4A2C-BFC5-B6567FC62292}.Debug|Any CPU.ActiveCfg = Debug|Any CPU
		{A11256AB-9621-4A2C-BFC5-B6567FC62292}.Debug|Any CPU.Build.0 = Debug|Any CPU
		{A11256AB-9621-4A2C-BFC5-B6567FC62292}.Release|Any CPU.ActiveCfg = Release|Any CPU
		{A11256AB-9621-4A2C-BFC5-B6567FC62292}.Release|Any CPU.Build.0 = Release|Any CPU
	EndGlobalSection
	GlobalSection(SolutionProperties) = preSolution
		HideSolutionNode = FALSE
	EndGlobalSection
	GlobalSection(ExtensibilityGlobals) = postSolution
		SolutionGuid = {4FA20BA9-B588-4A15-A8D5-61EAE3F54BBF}
	EndGlobalSection
EndGlobal
